
Microsoft Visual Studio Solution File, Format Version 12.00
# Visual Studio Version 17
VisualStudioVersion = 17.6.33801.468
MinimumVisualStudioVersion = 10.0.40219.1
Project("{FAE04EC0-301F-11D3-BF4B-00C04F79EFBC}") = "eTickets", "eTickets\eTickets.csproj", "{0A61A176-8FDF-4141-AF27-4DFA8E9147D9}"
EndProject
Global
	GlobalSection(SolutionConfigurationPlatforms) = preSolution
		Debug|Any CPU = Debug|Any CPU
		Release|Any CPU = Release|Any CPU
	EndGlobalSection
	GlobalSection(ProjectConfigurationPlatforms) = postSolution
		{0A61A176-8FDF-4141-AF27-4DFA8E9147D9}.Debug|Any CPU.ActiveCfg = Debug|Any CPU
		{0A61A176-8FDF-4141-AF27-4DFA8E9147D9}.Debug|Any CPU.Build.0 = Debug|Any CPU
		{0A61A176-8FDF-4141-AF27-4DFA8E9147D9}.Release|Any CPU.ActiveCfg = Release|Any CPU
		{0A61A176-8FDF-4141-AF27-4DFA8E9147D9}.Release|Any CPU.Build.0 = Release|Any CPU
	EndGlobalSection
	GlobalSection(SolutionProperties) = preSolution
		HideSolutionNode = FALSE
	EndGlobalSection
	GlobalSection(ExtensibilityGlobals) = postSolution
		SolutionGuid = {62D14762-7697-43CE-8C59-0C6979EB4309}
	EndGlobalSection
EndGlobal
